// !$*UTF8*$!
{
	archiveVersion = 1;
	classes = {
	};
	objectVersion = 50;
	objects = {

/* Begin PBXBuildFile section */
		443583D32235E94B002BB949 /* GoogleService-Info.plist in Resources */ = {isa = PBXBuildFile; fileRef = 443583D22235E94B002BB949 /* GoogleService-Info.plist */; };
		443583DB2235F2B8002BB949 /* Category.swift in Sources */ = {isa = PBXBuildFile; fileRef = 443583DA2235F2B8002BB949 /* Category.swift */; };
		443583DD2235F2E2002BB949 /* Drawer.swift in Sources */ = {isa = PBXBuildFile; fileRef = 443583DC2235F2E2002BB949 /* Drawer.swift */; };
		443583DF2235F2FF002BB949 /* Tool.swift in Sources */ = {isa = PBXBuildFile; fileRef = 443583DE2235F2FF002BB949 /* Tool.swift */; };
		443583E12235F32B002BB949 /* Tag.swift in Sources */ = {isa = PBXBuildFile; fileRef = 443583E02235F32B002BB949 /* Tag.swift */; };
		446DE37922382775000CDA19 /* DrawerVC.swift in Sources */ = {isa = PBXBuildFile; fileRef = 446DE37822382775000CDA19 /* DrawerVC.swift */; };
		446DE37B22382812000CDA19 /* SwipeCellVC.swift in Sources */ = {isa = PBXBuildFile; fileRef = 446DE37A22382812000CDA19 /* SwipeCellVC.swift */; };
		446DE37F22386C43000CDA19 /* EditCategoryVC.swift in Sources */ = {isa = PBXBuildFile; fileRef = 446DE37E22386C43000CDA19 /* EditCategoryVC.swift */; };
		446DE381223881AC000CDA19 /* Assets.xcassets in Resources */ = {isa = PBXBuildFile; fileRef = 446DE380223881AC000CDA19 /* Assets.xcassets */; };
		447CEECD2226274B006D3CC8 /* AppDelegate.swift in Sources */ = {isa = PBXBuildFile; fileRef = 447CEECC2226274B006D3CC8 /* AppDelegate.swift */; };
		447CEED22226274B006D3CC8 /* Main.storyboard in Resources */ = {isa = PBXBuildFile; fileRef = 447CEED02226274B006D3CC8 /* Main.storyboard */; };
		447CEED72226274D006D3CC8 /* LaunchScreen.storyboard in Resources */ = {isa = PBXBuildFile; fileRef = 447CEED52226274D006D3CC8 /* LaunchScreen.storyboard */; };
		44CB1C0222399BF700480582 /* CollectionViewCell.swift in Sources */ = {isa = PBXBuildFile; fileRef = 44CB1C0122399BF600480582 /* CollectionViewCell.swift */; };
		44F62028222F7B5E00264397 /* RegisterVC.swift in Sources */ = {isa = PBXBuildFile; fileRef = 44F62027222F7B5E00264397 /* RegisterVC.swift */; };
		44F6202A222F7B8900264397 /* LoginVC.swift in Sources */ = {isa = PBXBuildFile; fileRef = 44F62029222F7B8900264397 /* LoginVC.swift */; };
		44F6202C222F7B9C00264397 /* WelcomeVC.swift in Sources */ = {isa = PBXBuildFile; fileRef = 44F6202B222F7B9C00264397 /* WelcomeVC.swift */; };
		44F6202E222F7CBC00264397 /* HomeVC.swift in Sources */ = {isa = PBXBuildFile; fileRef = 44F6202D222F7CBC00264397 /* HomeVC.swift */; };
		44FEE820224AD8910099DE6E /* ToolVC.swift in Sources */ = {isa = PBXBuildFile; fileRef = 44FEE81F224AD8910099DE6E /* ToolVC.swift */; };
		44FEE822224AE0210099DE6E /* ToolAddVC.swift in Sources */ = {isa = PBXBuildFile; fileRef = 44FEE821224AE0210099DE6E /* ToolAddVC.swift */; };
		44FEE824224AE07E0099DE6E /* ToolDetailVC.swift in Sources */ = {isa = PBXBuildFile; fileRef = 44FEE823224AE07E0099DE6E /* ToolDetailVC.swift */; };
		6162E1D0538DB5B61C6C955E /* Pods_Junk_Drawer.framework in Frameworks */ = {isa = PBXBuildFile; fileRef = DA00B8A0211A79AAE389F6E8 /* Pods_Junk_Drawer.framework */; };
/* End PBXBuildFile section */

/* Begin PBXFileReference section */
		443583D22235E94B002BB949 /* GoogleService-Info.plist */ = {isa = PBXFileReference; fileEncoding = 4; lastKnownFileType = text.plist.xml; path = "GoogleService-Info.plist"; sourceTree = "<group>"; };
		443583DA2235F2B8002BB949 /* Category.swift */ = {isa = PBXFileReference; lastKnownFileType = sourcecode.swift; path = Category.swift; sourceTree = "<group>"; };
		443583DC2235F2E2002BB949 /* Drawer.swift */ = {isa = PBXFileReference; lastKnownFileType = sourcecode.swift; path = Drawer.swift; sourceTree = "<group>"; };
		443583DE2235F2FF002BB949 /* Tool.swift */ = {isa = PBXFileReference; lastKnownFileType = sourcecode.swift; path = Tool.swift; sourceTree = "<group>"; };
		443583E02235F32B002BB949 /* Tag.swift */ = {isa = PBXFileReference; lastKnownFileType = sourcecode.swift; path = Tag.swift; sourceTree = "<group>"; };
		446DE37822382775000CDA19 /* DrawerVC.swift */ = {isa = PBXFileReference; lastKnownFileType = sourcecode.swift; path = DrawerVC.swift; sourceTree = "<group>"; };
		446DE37A22382812000CDA19 /* SwipeCellVC.swift */ = {isa = PBXFileReference; lastKnownFileType = sourcecode.swift; name = SwipeCellVC.swift; path = "Junk Drawer/Controller/SwipeCellVC.swift"; sourceTree = SOURCE_ROOT; };
		446DE37E22386C43000CDA19 /* EditCategoryVC.swift */ = {isa = PBXFileReference; lastKnownFileType = sourcecode.swift; path = EditCategoryVC.swift; sourceTree = "<group>"; };
		446DE380223881AC000CDA19 /* Assets.xcassets */ = {isa = PBXFileReference; lastKnownFileType = folder.assetcatalog; path = Assets.xcassets; sourceTree = "<group>"; };
		447CEEC92226274B006D3CC8 /* Junk Drawer.app */ = {isa = PBXFileReference; explicitFileType = wrapper.application; includeInIndex = 0; path = "Junk Drawer.app"; sourceTree = BUILT_PRODUCTS_DIR; };
		447CEECC2226274B006D3CC8 /* AppDelegate.swift */ = {isa = PBXFileReference; lastKnownFileType = sourcecode.swift; path = AppDelegate.swift; sourceTree = "<group>"; };
		447CEED12226274B006D3CC8 /* Base */ = {isa = PBXFileReference; lastKnownFileType = file.storyboard; name = Base; path = Base.lproj/Main.storyboard; sourceTree = "<group>"; };
		447CEED62226274D006D3CC8 /* Base */ = {isa = PBXFileReference; lastKnownFileType = file.storyboard; name = Base; path = Base.lproj/LaunchScreen.storyboard; sourceTree = "<group>"; };
		447CEED82226274D006D3CC8 /* Info.plist */ = {isa = PBXFileReference; lastKnownFileType = text.plist.xml; path = Info.plist; sourceTree = "<group>"; };
		44CB1C0122399BF600480582 /* CollectionViewCell.swift */ = {isa = PBXFileReference; lastKnownFileType = sourcecode.swift; name = CollectionViewCell.swift; path = "Junk Drawer/Controller/CollectionViewCell.swift"; sourceTree = SOURCE_ROOT; };
		44F62027222F7B5E00264397 /* RegisterVC.swift */ = {isa = PBXFileReference; lastKnownFileType = sourcecode.swift; path = RegisterVC.swift; sourceTree = "<group>"; };
		44F62029222F7B8900264397 /* LoginVC.swift */ = {isa = PBXFileReference; lastKnownFileType = sourcecode.swift; path = LoginVC.swift; sourceTree = "<group>"; };
		44F6202B222F7B9C00264397 /* WelcomeVC.swift */ = {isa = PBXFileReference; lastKnownFileType = sourcecode.swift; path = WelcomeVC.swift; sourceTree = "<group>"; };
		44F6202D222F7CBC00264397 /* HomeVC.swift */ = {isa = PBXFileReference; lastKnownFileType = sourcecode.swift; name = HomeVC.swift; path = "Junk Drawer/Controller/HomeVC.swift"; sourceTree = SOURCE_ROOT; };
		44FEE81F224AD8910099DE6E /* ToolVC.swift */ = {isa = PBXFileReference; lastKnownFileType = sourcecode.swift; name = ToolVC.swift; path = "Junk Drawer/Controller/ToolVC.swift"; sourceTree = SOURCE_ROOT; };
		44FEE821224AE0210099DE6E /* ToolAddVC.swift */ = {isa = PBXFileReference; lastKnownFileType = sourcecode.swift; path = ToolAddVC.swift; sourceTree = "<group>"; };
		44FEE823224AE07E0099DE6E /* ToolDetailVC.swift */ = {isa = PBXFileReference; lastKnownFileType = sourcecode.swift; path = ToolDetailVC.swift; sourceTree = "<group>"; };
		C9634A803557D9CA25AA22E6 /* Pods-Junk Drawer.release.xcconfig */ = {isa = PBXFileReference; includeInIndex = 1; lastKnownFileType = text.xcconfig; name = "Pods-Junk Drawer.release.xcconfig"; path = "Pods/Target Support Files/Pods-Junk Drawer/Pods-Junk Drawer.release.xcconfig"; sourceTree = "<group>"; };
		DA00B8A0211A79AAE389F6E8 /* Pods_Junk_Drawer.framework */ = {isa = PBXFileReference; explicitFileType = wrapper.framework; includeInIndex = 0; path = Pods_Junk_Drawer.framework; sourceTree = BUILT_PRODUCTS_DIR; };
		DC43D633E47DD7375851C87C /* Pods-Junk Drawer.debug.xcconfig */ = {isa = PBXFileReference; includeInIndex = 1; lastKnownFileType = text.xcconfig; name = "Pods-Junk Drawer.debug.xcconfig"; path = "Pods/Target Support Files/Pods-Junk Drawer/Pods-Junk Drawer.debug.xcconfig"; sourceTree = "<group>"; };
/* End PBXFileReference section */

/* Begin PBXFrameworksBuildPhase section */
		447CEEC62226274B006D3CC8 /* Frameworks */ = {
			isa = PBXFrameworksBuildPhase;
			buildActionMask = 2147483647;
			files = (
				6162E1D0538DB5B61C6C955E /* Pods_Junk_Drawer.framework in Frameworks */,
			);
			runOnlyForDeploymentPostprocessing = 0;
		};
/* End PBXFrameworksBuildPhase section */

/* Begin PBXGroup section */
		1FB82C7F7A5EC7C0F1B136E1 /* Pods */ = {
			isa = PBXGroup;
			children = (
				DC43D633E47DD7375851C87C /* Pods-Junk Drawer.debug.xcconfig */,
				C9634A803557D9CA25AA22E6 /* Pods-Junk Drawer.release.xcconfig */,
			);
			name = Pods;
			sourceTree = "<group>";
		};
		443583D92235F233002BB949 /* Model */ = {
			isa = PBXGroup;
			children = (
				443583DA2235F2B8002BB949 /* Category.swift */,
				443583DC2235F2E2002BB949 /* Drawer.swift */,
				443583DE2235F2FF002BB949 /* Tool.swift */,
				443583E02235F32B002BB949 /* Tag.swift */,
			);
			path = Model;
			sourceTree = "<group>";
		};
		447CEEC02226274B006D3CC8 = {
			isa = PBXGroup;
			children = (
				447CEECB2226274B006D3CC8 /* Junk Drawer */,
				447CEECA2226274B006D3CC8 /* Products */,
				1FB82C7F7A5EC7C0F1B136E1 /* Pods */,
				DF856011101815C37AB07526 /* Frameworks */,
			);
			sourceTree = "<group>";
		};
		447CEECA2226274B006D3CC8 /* Products */ = {
			isa = PBXGroup;
			children = (
				447CEEC92226274B006D3CC8 /* Junk Drawer.app */,
			);
			name = Products;
			sourceTree = "<group>";
		};
		447CEECB2226274B006D3CC8 /* Junk Drawer */ = {
			isa = PBXGroup;
			children = (
				447CEED82226274D006D3CC8 /* Info.plist */,
				443583D92235F233002BB949 /* Model */,
				447CEEE022262A34006D3CC8 /* Controller */,
				447CEEDF22262A2B006D3CC8 /* View */,
				447CEEE122262A40006D3CC8 /* Supporting Files */,
			);
			path = "Junk Drawer";
			sourceTree = "<group>";
		};
		447CEEDF22262A2B006D3CC8 /* View */ = {
			isa = PBXGroup;
			children = (
				447CEED02226274B006D3CC8 /* Main.storyboard */,
				447CEED52226274D006D3CC8 /* LaunchScreen.storyboard */,
			);
			path = View;
			sourceTree = "<group>";
		};
		447CEEE022262A34006D3CC8 /* Controller */ = {
			isa = PBXGroup;
			children = (
				446DE37A22382812000CDA19 /* SwipeCellVC.swift */,
				44CB1C0122399BF600480582 /* CollectionViewCell.swift */,
				447CEECC2226274B006D3CC8 /* AppDelegate.swift */,
				44F62029222F7B8900264397 /* LoginVC.swift */,
				44F6202B222F7B9C00264397 /* WelcomeVC.swift */,
				44F62027222F7B5E00264397 /* RegisterVC.swift */,
				44F6202D222F7CBC00264397 /* HomeVC.swift */,
				446DE37E22386C43000CDA19 /* EditCategoryVC.swift */,
				446DE37822382775000CDA19 /* DrawerVC.swift */,
				44FEE81F224AD8910099DE6E /* ToolVC.swift */,
				44FEE821224AE0210099DE6E /* ToolAddVC.swift */,
				44FEE823224AE07E0099DE6E /* ToolDetailVC.swift */,
			);
			path = Controller;
			sourceTree = "<group>";
		};
		447CEEE122262A40006D3CC8 /* Supporting Files */ = {
			isa = PBXGroup;
			children = (
				446DE380223881AC000CDA19 /* Assets.xcassets */,
				443583D22235E94B002BB949 /* GoogleService-Info.plist */,
			);
			path = "Supporting Files";
			sourceTree = "<group>";
		};
		DF856011101815C37AB07526 /* Frameworks */ = {
			isa = PBXGroup;
			children = (
				DA00B8A0211A79AAE389F6E8 /* Pods_Junk_Drawer.framework */,
			);
			name = Frameworks;
			sourceTree = "<group>";
		};
/* End PBXGroup section */

/* Begin PBXNativeTarget section */
		447CEEC82226274B006D3CC8 /* Junk Drawer */ = {
			isa = PBXNativeTarget;
			buildConfigurationList = 447CEEDB2226274D006D3CC8 /* Build configuration list for PBXNativeTarget "Junk Drawer" */;
			buildPhases = (
				EE70EC4328E6521D2ACB0653 /* [CP] Check Pods Manifest.lock */,
				447CEEC52226274B006D3CC8 /* Sources */,
				447CEEC62226274B006D3CC8 /* Frameworks */,
				447CEEC72226274B006D3CC8 /* Resources */,
				36176E851823A62A0AAB1428 /* [CP] Embed Pods Frameworks */,
			);
			buildRules = (
			);
			dependencies = (
			);
			name = "Junk Drawer";
			productName = "Junk Drawer";
			productReference = 447CEEC92226274B006D3CC8 /* Junk Drawer.app */;
			productType = "com.apple.product-type.application";
		};
/* End PBXNativeTarget section */

/* Begin PBXProject section */
		447CEEC12226274B006D3CC8 /* Project object */ = {
			isa = PBXProject;
			attributes = {
				LastSwiftUpdateCheck = 1010;
				LastUpgradeCheck = 1010;
				ORGANIZATIONNAME = "Megan Brown";
				TargetAttributes = {
					447CEEC82226274B006D3CC8 = {
						CreatedOnToolsVersion = 10.1;
						SystemCapabilities = {
							com.apple.BackgroundModes = {
								enabled = 0;
							};
						};
					};
				};
			};
			buildConfigurationList = 447CEEC42226274B006D3CC8 /* Build configuration list for PBXProject "Junk Drawer" */;
			compatibilityVersion = "Xcode 9.3";
			developmentRegion = en;
			hasScannedForEncodings = 0;
			knownRegions = (
				en,
				Base,
			);
			mainGroup = 447CEEC02226274B006D3CC8;
			productRefGroup = 447CEECA2226274B006D3CC8 /* Products */;
			projectDirPath = "";
			projectRoot = "";
			targets = (
				447CEEC82226274B006D3CC8 /* Junk Drawer */,
			);
		};
/* End PBXProject section */

/* Begin PBXResourcesBuildPhase section */
		447CEEC72226274B006D3CC8 /* Resources */ = {
			isa = PBXResourcesBuildPhase;
			buildActionMask = 2147483647;
			files = (
				447CEED72226274D006D3CC8 /* LaunchScreen.storyboard in Resources */,
				443583D32235E94B002BB949 /* GoogleService-Info.plist in Resources */,
				446DE381223881AC000CDA19 /* Assets.xcassets in Resources */,
				447CEED22226274B006D3CC8 /* Main.storyboard in Resources */,
			);
			runOnlyForDeploymentPostprocessing = 0;
		};
/* End PBXResourcesBuildPhase section */

/* Begin PBXShellScriptBuildPhase section */
		36176E851823A62A0AAB1428 /* [CP] Embed Pods Frameworks */ = {
			isa = PBXShellScriptBuildPhase;
			buildActionMask = 2147483647;
			files = (
			);
			inputFileListPaths = (
			);
			inputPaths = (
				"${SRCROOT}/Pods/Target Support Files/Pods-Junk Drawer/Pods-Junk Drawer-frameworks.sh",
				"${BUILT_PRODUCTS_DIR}/ColorPicker/ColorPicker.framework",
				"${BUILT_PRODUCTS_DIR}/GTMSessionFetcher/GTMSessionFetcher.framework",
				"${BUILT_PRODUCTS_DIR}/GoogleUtilities/GoogleUtilities.framework",
				"${BUILT_PRODUCTS_DIR}/PMAlertController/PMAlertController.framework",
				"${BUILT_PRODUCTS_DIR}/Realm/Realm.framework",
				"${BUILT_PRODUCTS_DIR}/RealmSwift/RealmSwift.framework",
				"${BUILT_PRODUCTS_DIR}/SVProgressHUD/SVProgressHUD.framework",
				"${BUILT_PRODUCTS_DIR}/SwipeCellKit/SwipeCellKit.framework",
				"${BUILT_PRODUCTS_DIR}/leveldb-library/leveldb.framework",
				"${BUILT_PRODUCTS_DIR}/nanopb/nanopb.framework",
			);
			name = "[CP] Embed Pods Frameworks";
			outputFileListPaths = (
			);
			outputPaths = (
				"${TARGET_BUILD_DIR}/${FRAMEWORKS_FOLDER_PATH}/ColorPicker.framework",
				"${TARGET_BUILD_DIR}/${FRAMEWORKS_FOLDER_PATH}/GTMSessionFetcher.framework",
				"${TARGET_BUILD_DIR}/${FRAMEWORKS_FOLDER_PATH}/GoogleUtilities.framework",
				"${TARGET_BUILD_DIR}/${FRAMEWORKS_FOLDER_PATH}/PMAlertController.framework",
				"${TARGET_BUILD_DIR}/${FRAMEWORKS_FOLDER_PATH}/Realm.framework",
				"${TARGET_BUILD_DIR}/${FRAMEWORKS_FOLDER_PATH}/RealmSwift.framework",
				"${TARGET_BUILD_DIR}/${FRAMEWORKS_FOLDER_PATH}/SVProgressHUD.framework",
				"${TARGET_BUILD_DIR}/${FRAMEWORKS_FOLDER_PATH}/SwipeCellKit.framework",
				"${TARGET_BUILD_DIR}/${FRAMEWORKS_FOLDER_PATH}/leveldb.framework",
				"${TARGET_BUILD_DIR}/${FRAMEWORKS_FOLDER_PATH}/nanopb.framework",
			);
			runOnlyForDeploymentPostprocessing = 0;
			shellPath = /bin/sh;
			shellScript = "\"${SRCROOT}/Pods/Target Support Files/Pods-Junk Drawer/Pods-Junk Drawer-frameworks.sh\"\n";
			showEnvVarsInLog = 0;
		};
		EE70EC4328E6521D2ACB0653 /* [CP] Check Pods Manifest.lock */ = {
			isa = PBXShellScriptBuildPhase;
			buildActionMask = 2147483647;
			files = (
			);
			inputFileListPaths = (
			);
			inputPaths = (
				"${PODS_PODFILE_DIR_PATH}/Podfile.lock",
				"${PODS_ROOT}/Manifest.lock",
			);
			name = "[CP] Check Pods Manifest.lock";
			outputFileListPaths = (
			);
			outputPaths = (
				"$(DERIVED_FILE_DIR)/Pods-Junk Drawer-checkManifestLockResult.txt",
			);
			runOnlyForDeploymentPostprocessing = 0;
			shellPath = /bin/sh;
			shellScript = "diff \"${PODS_PODFILE_DIR_PATH}/Podfile.lock\" \"${PODS_ROOT}/Manifest.lock\" > /dev/null\nif [ $? != 0 ] ; then\n    # print error to STDERR\n    echo \"error: The sandbox is not in sync with the Podfile.lock. Run 'pod install' or update your CocoaPods installation.\" >&2\n    exit 1\nfi\n# This output is used by Xcode 'outputs' to avoid re-running this script phase.\necho \"SUCCESS\" > \"${SCRIPT_OUTPUT_FILE_0}\"\n";
			showEnvVarsInLog = 0;
		};
/* End PBXShellScriptBuildPhase section */

/* Begin PBXSourcesBuildPhase section */
		447CEEC52226274B006D3CC8 /* Sources */ = {
			isa = PBXSourcesBuildPhase;
			buildActionMask = 2147483647;
			files = (
				44FEE822224AE0210099DE6E /* ToolAddVC.swift in Sources */,
				44F6202C222F7B9C00264397 /* WelcomeVC.swift in Sources */,
				447CEECD2226274B006D3CC8 /* AppDelegate.swift in Sources */,
				44FEE820224AD8910099DE6E /* ToolVC.swift in Sources */,
				44F6202E222F7CBC00264397 /* HomeVC.swift in Sources */,
				443583DD2235F2E2002BB949 /* Drawer.swift in Sources */,
				44F62028222F7B5E00264397 /* RegisterVC.swift in Sources */,
				44FEE824224AE07E0099DE6E /* ToolDetailVC.swift in Sources */,
				443583DF2235F2FF002BB949 /* Tool.swift in Sources */,
				446DE37922382775000CDA19 /* DrawerVC.swift in Sources */,
				443583E12235F32B002BB949 /* Tag.swift in Sources */,
				44CB1C0222399BF700480582 /* CollectionViewCell.swift in Sources */,
				446DE37F22386C43000CDA19 /* EditCategoryVC.swift in Sources */,
				446DE37B22382812000CDA19 /* SwipeCellVC.swift in Sources */,
				44F6202A222F7B8900264397 /* LoginVC.swift in Sources */,
				443583DB2235F2B8002BB949 /* Category.swift in Sources */,
			);
			runOnlyForDeploymentPostprocessing = 0;
		};
/* End PBXSourcesBuildPhase section */

/* Begin PBXVariantGroup section */
		447CEED02226274B006D3CC8 /* Main.storyboard */ = {
			isa = PBXVariantGroup;
			children = (
				447CEED12226274B006D3CC8 /* Base */,
			);
			name = Main.storyboard;
			sourceTree = "<group>";
		};
		447CEED52226274D006D3CC8 /* LaunchScreen.storyboard */ = {
			isa = PBXVariantGroup;
			children = (
				447CEED62226274D006D3CC8 /* Base */,
			);
			name = LaunchScreen.storyboard;
			sourceTree = "<group>";
		};
/* End PBXVariantGroup section */

/* Begin XCBuildConfiguration section */
		447CEED92226274D006D3CC8 /* Debug */ = {
			isa = XCBuildConfiguration;
			buildSettings = {
				ALWAYS_SEARCH_USER_PATHS = NO;
				CLANG_ANALYZER_NONNULL = YES;
				CLANG_ANALYZER_NUMBER_OBJECT_CONVERSION = YES_AGGRESSIVE;
				CLANG_CXX_LANGUAGE_STANDARD = "gnu++14";
				CLANG_CXX_LIBRARY = "libc++";
				CLANG_ENABLE_MODULES = YES;
				CLANG_ENABLE_OBJC_ARC = YES;
				CLANG_ENABLE_OBJC_WEAK = YES;
				CLANG_WARN_BLOCK_CAPTURE_AUTORELEASING = YES;
				CLANG_WARN_BOOL_CONVERSION = YES;
				CLANG_WARN_COMMA = YES;
				CLANG_WARN_CONSTANT_CONVERSION = YES;
				CLANG_WARN_DEPRECATED_OBJC_IMPLEMENTATIONS = YES;
				CLANG_WARN_DIRECT_OBJC_ISA_USAGE = YES_ERROR;
				CLANG_WARN_DOCUMENTATION_COMMENTS = YES;
				CLANG_WARN_EMPTY_BODY = YES;
				CLANG_WARN_ENUM_CONVERSION = YES;
				CLANG_WARN_INFINITE_RECURSION = YES;
				CLANG_WARN_INT_CONVERSION = YES;
				CLANG_WARN_NON_LITERAL_NULL_CONVERSION = YES;
				CLANG_WARN_OBJC_IMPLICIT_RETAIN_SELF = YES;
				CLANG_WARN_OBJC_LITERAL_CONVERSION = YES;
				CLANG_WARN_OBJC_ROOT_CLASS = YES_ERROR;
				CLANG_WARN_RANGE_LOOP_ANALYSIS = YES;
				CLANG_WARN_STRICT_PROTOTYPES = YES;
				CLANG_WARN_SUSPICIOUS_MOVE = YES;
				CLANG_WARN_UNGUARDED_AVAILABILITY = YES_AGGRESSIVE;
				CLANG_WARN_UNREACHABLE_CODE = YES;
				CLANG_WARN__DUPLICATE_METHOD_MATCH = YES;
				CODE_SIGN_IDENTITY = "iPhone Developer";
				COPY_PHASE_STRIP = NO;
				DEBUG_INFORMATION_FORMAT = dwarf;
				ENABLE_STRICT_OBJC_MSGSEND = YES;
				ENABLE_TESTABILITY = YES;
				GCC_C_LANGUAGE_STANDARD = gnu11;
				GCC_DYNAMIC_NO_PIC = NO;
				GCC_NO_COMMON_BLOCKS = YES;
				GCC_OPTIMIZATION_LEVEL = 0;
				GCC_PREPROCESSOR_DEFINITIONS = (
					"DEBUG=1",
					"$(inherited)",
				);
				GCC_WARN_64_TO_32_BIT_CONVERSION = YES;
				GCC_WARN_ABOUT_RETURN_TYPE = YES_ERROR;
				GCC_WARN_UNDECLARED_SELECTOR = YES;
				GCC_WARN_UNINITIALIZED_AUTOS = YES_AGGRESSIVE;
				GCC_WARN_UNUSED_FUNCTION = YES;
				GCC_WARN_UNUSED_VARIABLE = YES;
				IPHONEOS_DEPLOYMENT_TARGET = 12.1;
				MTL_ENABLE_DEBUG_INFO = INCLUDE_SOURCE;
				MTL_FAST_MATH = YES;
				ONLY_ACTIVE_ARCH = YES;
				SDKROOT = iphoneos;
				SWIFT_ACTIVE_COMPILATION_CONDITIONS = DEBUG;
				SWIFT_OPTIMIZATION_LEVEL = "-Onone";
			};
			name = Debug;
		};
		447CEEDA2226274D006D3CC8 /* Release */ = {
			isa = XCBuildConfiguration;
			buildSettings = {
				ALWAYS_SEARCH_USER_PATHS = NO;
				CLANG_ANALYZER_NONNULL = YES;
				CLANG_ANALYZER_NUMBER_OBJECT_CONVERSION = YES_AGGRESSIVE;
				CLANG_CXX_LANGUAGE_STANDARD = "gnu++14";
				CLANG_CXX_LIBRARY = "libc++";
				CLANG_ENABLE_MODULES = YES;
				CLANG_ENABLE_OBJC_ARC = YES;
				CLANG_ENABLE_OBJC_WEAK = YES;
				CLANG_WARN_BLOCK_CAPTURE_AUTORELEASING = YES;
				CLANG_WARN_BOOL_CONVERSION = YES;
				CLANG_WARN_COMMA = YES;
				CLANG_WARN_CONSTANT_CONVERSION = YES;
				CLANG_WARN_DEPRECATED_OBJC_IMPLEMENTATIONS = YES;
				CLANG_WARN_DIRECT_OBJC_ISA_USAGE = YES_ERROR;
				CLANG_WARN_DOCUMENTATION_COMMENTS = YES;
				CLANG_WARN_EMPTY_BODY = YES;
				CLANG_WARN_ENUM_CONVERSION = YES;
				CLANG_WARN_INFINITE_RECURSION = YES;
				CLANG_WARN_INT_CONVERSION = YES;
				CLANG_WARN_NON_LITERAL_NULL_CONVERSION = YES;
				CLANG_WARN_OBJC_IMPLICIT_RETAIN_SELF = YES;
				CLANG_WARN_OBJC_LITERAL_CONVERSION = YES;
				CLANG_WARN_OBJC_ROOT_CLASS = YES_ERROR;
				CLANG_WARN_RANGE_LOOP_ANALYSIS = YES;
				CLANG_WARN_STRICT_PROTOTYPES = YES;
				CLANG_WARN_SUSPICIOUS_MOVE = YES;
				CLANG_WARN_UNGUARDED_AVAILABILITY = YES_AGGRESSIVE;
				CLANG_WARN_UNREACHABLE_CODE = YES;
				CLANG_WARN__DUPLICATE_METHOD_MATCH = YES;
				CODE_SIGN_IDENTITY = "iPhone Developer";
				COPY_PHASE_STRIP = NO;
				DEBUG_INFORMATION_FORMAT = "dwarf-with-dsym";
				ENABLE_NS_ASSERTIONS = NO;
				ENABLE_STRICT_OBJC_MSGSEND = YES;
				GCC_C_LANGUAGE_STANDARD = gnu11;
				GCC_NO_COMMON_BLOCKS = YES;
				GCC_WARN_64_TO_32_BIT_CONVERSION = YES;
				GCC_WARN_ABOUT_RETURN_TYPE = YES_ERROR;
				GCC_WARN_UNDECLARED_SELECTOR = YES;
				GCC_WARN_UNINITIALIZED_AUTOS = YES_AGGRESSIVE;
				GCC_WARN_UNUSED_FUNCTION = YES;
				GCC_WARN_UNUSED_VARIABLE = YES;
				IPHONEOS_DEPLOYMENT_TARGET = 12.1;
				MTL_ENABLE_DEBUG_INFO = NO;
				MTL_FAST_MATH = YES;
				SDKROOT = iphoneos;
				SWIFT_COMPILATION_MODE = wholemodule;
				SWIFT_OPTIMIZATION_LEVEL = "-O";
				VALIDATE_PRODUCT = YES;
			};
			name = Release;
		};
		447CEEDC2226274D006D3CC8 /* Debug */ = {
			isa = XCBuildConfiguration;
			baseConfigurationReference = DC43D633E47DD7375851C87C /* Pods-Junk Drawer.debug.xcconfig */;
			buildSettings = {
				ASSETCATALOG_COMPILER_APPICON_NAME = AppIcon;
				CODE_SIGN_STYLE = Automatic;
				DEVELOPMENT_TEAM = T36HS9PTV4;
				INFOPLIST_FILE = "Junk Drawer/Info.plist";
				LD_RUNPATH_SEARCH_PATHS = (
					"$(inherited)",
					"@executable_path/Frameworks",
				);
				PRODUCT_BUNDLE_IDENTIFIER = "tech.megandavi.Junk-Drawer";
				PRODUCT_NAME = "$(TARGET_NAME)";
				SWIFT_VERSION = 4.2;
				TARGETED_DEVICE_FAMILY = "1,2";
			};
			name = Debug;
		};
		447CEEDD2226274D006D3CC8 /* Release */ = {
			isa = XCBuildConfiguration;
			baseConfigurationReference = C9634A803557D9CA25AA22E6 /* Pods-Junk Drawer.release.xcconfig */;
			buildSettings = {
				ASSETCATALOG_COMPILER_APPICON_NAME = AppIcon;
				CODE_SIGN_STYLE = Automatic;
				DEVELOPMENT_TEAM = T36HS9PTV4;
				INFOPLIST_FILE = "Junk Drawer/Info.plist";
				LD_RUNPATH_SEARCH_PATHS = (
					"$(inherited)",
					"@executable_path/Frameworks",
				);
				PRODUCT_BUNDLE_IDENTIFIER = "tech.megandavi.Junk-Drawer";
				PRODUCT_NAME = "$(TARGET_NAME)";
				SWIFT_VERSION = 4.2;
				TARGETED_DEVICE_FAMILY = "1,2";
			};
			name = Release;
		};
/* End XCBuildConfiguration section */

/* Begin XCConfigurationList section */
		447CEEC42226274B006D3CC8 /* Build configuration list for PBXProject "Junk Drawer" */ = {
			isa = XCConfigurationList;
			buildConfigurations = (
				447CEED92226274D006D3CC8 /* Debug */,
				447CEEDA2226274D006D3CC8 /* Release */,
			);
			defaultConfigurationIsVisible = 0;
			defaultConfigurationName = Release;
		};
		447CEEDB2226274D006D3CC8 /* Build configuration list for PBXNativeTarget "Junk Drawer" */ = {
			isa = XCConfigurationList;
			buildConfigurations = (
				447CEEDC2226274D006D3CC8 /* Debug */,
				447CEEDD2226274D006D3CC8 /* Release */,
			);
			defaultConfigurationIsVisible = 0;
			defaultConfigurationName = Release;
		};
/* End XCConfigurationList section */
	};
	rootObject = 447CEEC12226274B006D3CC8 /* Project object */;
}
